// !$*UTF8*$!
{
	archiveVersion = 1;
	classes = {
	};
	objectVersion = 56;
	objects = {

/* Begin PBXBuildFile section */
		E586D2AE287E600300CA8CC8 /* RestartApp.swift in Sources */ = {isa = PBXBuildFile; fileRef = E586D2AD287E600300CA8CC8 /* RestartApp.swift */; };
		E586D2B0287E600300CA8CC8 /* ContentView.swift in Sources */ = {isa = PBXBuildFile; fileRef = E586D2AF287E600300CA8CC8 /* ContentView.swift */; };
		E586D2B2287E600500CA8CC8 /* Assets.xcassets in Resources */ = {isa = PBXBuildFile; fileRef = E586D2B1287E600500CA8CC8 /* Assets.xcassets */; };
		E586D2B5287E600500CA8CC8 /* Preview Assets.xcassets in Resources */ = {isa = PBXBuildFile; fileRef = E586D2B4287E600500CA8CC8 /* Preview Assets.xcassets */; };
		E586D2BD287E60C000CA8CC8 /* chimeup.mp3 in Resources */ = {isa = PBXBuildFile; fileRef = E586D2BB287E60C000CA8CC8 /* chimeup.mp3 */; };
		E586D2BE287E60C000CA8CC8 /* success.m4a in Resources */ = {isa = PBXBuildFile; fileRef = E586D2BC287E60C000CA8CC8 /* success.m4a */; };
		E586D2C5287E654C00CA8CC8 /* OnboardingView.swift in Sources */ = {isa = PBXBuildFile; fileRef = E586D2C4287E654C00CA8CC8 /* OnboardingView.swift */; };
		E586D2C7287E655600CA8CC8 /* HomeView.swift in Sources */ = {isa = PBXBuildFile; fileRef = E586D2C6287E655600CA8CC8 /* HomeView.swift */; };
		E586D2C9287E758E00CA8CC8 /* CircleGroupView.swift in Sources */ = {isa = PBXBuildFile; fileRef = E586D2C8287E758E00CA8CC8 /* CircleGroupView.swift */; };
		E586D2CB287F4FB100CA8CC8 /* AudioPlayer.swift in Sources */ = {isa = PBXBuildFile; fileRef = E586D2CA287F4FB100CA8CC8 /* AudioPlayer.swift */; };
/* End PBXBuildFile section */

/* Begin PBXFileReference section */
		E586D2AA287E600300CA8CC8 /* Restart.app */ = {isa = PBXFileReference; explicitFileType = wrapper.application; includeInIndex = 0; path = Restart.app; sourceTree = BUILT_PRODUCTS_DIR; };
		E586D2AD287E600300CA8CC8 /* RestartApp.swift */ = {isa = PBXFileReference; lastKnownFileType = sourcecode.swift; path = RestartApp.swift; sourceTree = "<group>"; };
		E586D2AF287E600300CA8CC8 /* ContentView.swift */ = {isa = PBXFileReference; lastKnownFileType = sourcecode.swift; path = ContentView.swift; sourceTree = "<group>"; };
		E586D2B1287E600500CA8CC8 /* Assets.xcassets */ = {isa = PBXFileReference; lastKnownFileType = folder.assetcatalog; path = Assets.xcassets; sourceTree = "<group>"; };
		E586D2B4287E600500CA8CC8 /* Preview Assets.xcassets */ = {isa = PBXFileReference; lastKnownFileType = folder.assetcatalog; path = "Preview Assets.xcassets"; sourceTree = "<group>"; };
		E586D2BB287E60C000CA8CC8 /* chimeup.mp3 */ = {isa = PBXFileReference; lastKnownFileType = audio.mp3; path = chimeup.mp3; sourceTree = "<group>"; };
		E586D2BC287E60C000CA8CC8 /* success.m4a */ = {isa = PBXFileReference; lastKnownFileType = file; path = success.m4a; sourceTree = "<group>"; };
		E586D2C3287E64F100CA8CC8 /* Info.plist */ = {isa = PBXFileReference; lastKnownFileType = text.plist; path = Info.plist; sourceTree = "<group>"; };
		E586D2C4287E654C00CA8CC8 /* OnboardingView.swift */ = {isa = PBXFileReference; lastKnownFileType = sourcecode.swift; path = OnboardingView.swift; sourceTree = "<group>"; };
		E586D2C6287E655600CA8CC8 /* HomeView.swift */ = {isa = PBXFileReference; lastKnownFileType = sourcecode.swift; path = HomeView.swift; sourceTree = "<group>"; };
		E586D2C8287E758E00CA8CC8 /* CircleGroupView.swift */ = {isa = PBXFileReference; lastKnownFileType = sourcecode.swift; path = CircleGroupView.swift; sourceTree = "<group>"; };
		E586D2CA287F4FB100CA8CC8 /* AudioPlayer.swift */ = {isa = PBXFileReference; lastKnownFileType = sourcecode.swift; path = AudioPlayer.swift; sourceTree = "<group>"; };
/* End PBXFileReference section */

/* Begin PBXFrameworksBuildPhase section */
		E586D2A7287E600300CA8CC8 /* Frameworks */ = {
			isa = PBXFrameworksBuildPhase;
			buildActionMask = 2147483647;
			files = (
			);
			runOnlyForDeploymentPostprocessing = 0;
		};
/* End PBXFrameworksBuildPhase section */

/* Begin PBXGroup section */
		E586D2A1287E600300CA8CC8 = {
			isa = PBXGroup;
			children = (
				E586D2AC287E600300CA8CC8 /* Restart */,
				E586D2AB287E600300CA8CC8 /* Products */,
			);
			sourceTree = "<group>";
		};
		E586D2AB287E600300CA8CC8 /* Products */ = {
			isa = PBXGroup;
			children = (
				E586D2AA287E600300CA8CC8 /* Restart.app */,
			);
			name = Products;
			sourceTree = "<group>";
		};
		E586D2AC287E600300CA8CC8 /* Restart */ = {
			isa = PBXGroup;
			children = (
				E586D2C3287E64F100CA8CC8 /* Info.plist */,
				E586D2C2287E628100CA8CC8 /* Utilities */,
				E586D2C1287E626D00CA8CC8 /* Views */,
				E586D2BF287E60E000CA8CC8 /* Sounds */,
				E586D2AD287E600300CA8CC8 /* RestartApp.swift */,
				E586D2C0287E625C00CA8CC8 /* Screens */,
				E586D2B1287E600500CA8CC8 /* Assets.xcassets */,
				E586D2B3287E600500CA8CC8 /* Preview Content */,
			);
			path = Restart;
			sourceTree = "<group>";
		};
		E586D2B3287E600500CA8CC8 /* Preview Content */ = {
			isa = PBXGroup;
			children = (
				E586D2B4287E600500CA8CC8 /* Preview Assets.xcassets */,
			);
			path = "Preview Content";
			sourceTree = "<group>";
		};
		E586D2BF287E60E000CA8CC8 /* Sounds */ = {
			isa = PBXGroup;
			children = (
				E586D2BB287E60C000CA8CC8 /* chimeup.mp3 */,
				E586D2BC287E60C000CA8CC8 /* success.m4a */,
			);
			path = Sounds;
			sourceTree = "<group>";
		};
		E586D2C0287E625C00CA8CC8 /* Screens */ = {
			isa = PBXGroup;
			children = (
				E586D2AF287E600300CA8CC8 /* ContentView.swift */,
				E586D2C4287E654C00CA8CC8 /* OnboardingView.swift */,
				E586D2C6287E655600CA8CC8 /* HomeView.swift */,
			);
			path = Screens;
			sourceTree = "<group>";
		};
		E586D2C1287E626D00CA8CC8 /* Views */ = {
			isa = PBXGroup;
			children = (
				E586D2C8287E758E00CA8CC8 /* CircleGroupView.swift */,
			);
			path = Views;
			sourceTree = "<group>";
		};
		E586D2C2287E628100CA8CC8 /* Utilities */ = {
			isa = PBXGroup;
			children = (
				E586D2CA287F4FB100CA8CC8 /* AudioPlayer.swift */,
			);
			path = Utilities;
			sourceTree = "<group>";
		};
/* End PBXGroup section */

/* Begin PBXNativeTarget section */
		E586D2A9287E600300CA8CC8 /* Restart */ = {
			isa = PBXNativeTarget;
			buildConfigurationList = E586D2B8287E600500CA8CC8 /* Build configuration list for PBXNativeTarget "Restart" */;
			buildPhases = (
				E586D2A6287E600300CA8CC8 /* Sources */,
				E586D2A7287E600300CA8CC8 /* Frameworks */,
				E586D2A8287E600300CA8CC8 /* Resources */,
			);
			buildRules = (
			);
			dependencies = (
			);
			name = Restart;
			productName = Restart;
			productReference = E586D2AA287E600300CA8CC8 /* Restart.app */;
			productType = "com.apple.product-type.application";
		};
/* End PBXNativeTarget section */

/* Begin PBXProject section */
		E586D2A2287E600300CA8CC8 /* Project object */ = {
			isa = PBXProject;
			attributes = {
				BuildIndependentTargetsInParallel = 1;
				LastSwiftUpdateCheck = 1400;
				LastUpgradeCheck = 1400;
				TargetAttributes = {
					E586D2A9287E600300CA8CC8 = {
						CreatedOnToolsVersion = 14.0;
					};
				};
			};
			buildConfigurationList = E586D2A5287E600300CA8CC8 /* Build configuration list for PBXProject "Restart" */;
			compatibilityVersion = "Xcode 14.0";
			developmentRegion = en;
			hasScannedForEncodings = 0;
			knownRegions = (
				en,
				Base,
			);
			mainGroup = E586D2A1287E600300CA8CC8;
			productRefGroup = E586D2AB287E600300CA8CC8 /* Products */;
			projectDirPath = "";
			projectRoot = "";
			targets = (
				E586D2A9287E600300CA8CC8 /* Restart */,
			);
		};
/* End PBXProject section */

/* Begin PBXResourcesBuildPhase section */
		E586D2A8287E600300CA8CC8 /* Resources */ = {
			isa = PBXResourcesBuildPhase;
			buildActionMask = 2147483647;
			files = (
				E586D2BE287E60C000CA8CC8 /* success.m4a in Resources */,
				E586D2BD287E60C000CA8CC8 /* chimeup.mp3 in Resources */,
				E586D2B5287E600500CA8CC8 /* Preview Assets.xcassets in Resources */,
				E586D2B2287E600500CA8CC8 /* Assets.xcassets in Resources */,
			);
			runOnlyForDeploymentPostprocessing = 0;
		};
/* End PBXResourcesBuildPhase section */

/* Begin PBXSourcesBuildPhase section */
		E586D2A6287E600300CA8CC8 /* Sources */ = {
			isa = PBXSourcesBuildPhase;
			buildActionMask = 2147483647;
			files = (
				E586D2C9287E758E00CA8CC8 /* CircleGroupView.swift in Sources */,
				E586D2C5287E654C00CA8CC8 /* OnboardingView.swift in Sources */,
				E586D2C7287E655600CA8CC8 /* HomeView.swift in Sources */,
				E586D2B0287E600300CA8CC8 /* ContentView.swift in Sources */,
				E586D2AE287E600300CA8CC8 /* RestartApp.swift in Sources */,
				E586D2CB287F4FB100CA8CC8 /* AudioPlayer.swift in Sources */,
			);
			runOnlyForDeploymentPostprocessing = 0;
		};
/* End PBXSourcesBuildPhase section */

/* Begin XCBuildConfiguration section */
		E586D2B6287E600500CA8CC8 /* Debug */ = {
			isa = XCBuildConfiguration;
			buildSettings = {
				ALWAYS_SEARCH_USER_PATHS = NO;
				CLANG_ANALYZER_NONNULL = YES;
				CLANG_ANALYZER_NUMBER_OBJECT_CONVERSION = YES_AGGRESSIVE;
				CLANG_CXX_LANGUAGE_STANDARD = "gnu++20";
				CLANG_ENABLE_MODULES = YES;
				CLANG_ENABLE_OBJC_ARC = YES;
				CLANG_ENABLE_OBJC_WEAK = YES;
				CLANG_WARN_BLOCK_CAPTURE_AUTORELEASING = YES;
				CLANG_WARN_BOOL_CONVERSION = YES;
				CLANG_WARN_COMMA = YES;
				CLANG_WARN_CONSTANT_CONVERSION = YES;
				CLANG_WARN_DEPRECATED_OBJC_IMPLEMENTATIONS = YES;
				CLANG_WARN_DIRECT_OBJC_ISA_USAGE = YES_ERROR;
				CLANG_WARN_DOCUMENTATION_COMMENTS = YES;
				CLANG_WARN_EMPTY_BODY = YES;
				CLANG_WARN_ENUM_CONVERSION = YES;
				CLANG_WARN_INFINITE_RECURSION = YES;
				CLANG_WARN_INT_CONVERSION = YES;
				CLANG_WARN_NON_LITERAL_NULL_CONVERSION = YES;
				CLANG_WARN_OBJC_IMPLICIT_RETAIN_SELF = YES;
				CLANG_WARN_OBJC_LITERAL_CONVERSION = YES;
				CLANG_WARN_OBJC_ROOT_CLASS = YES_ERROR;
				CLANG_WARN_QUOTED_INCLUDE_IN_FRAMEWORK_HEADER = YES;
				CLANG_WARN_RANGE_LOOP_ANALYSIS = YES;
				CLANG_WARN_STRICT_PROTOTYPES = YES;
				CLANG_WARN_SUSPICIOUS_MOVE = YES;
				CLANG_WARN_UNGUARDED_AVAILABILITY = YES_AGGRESSIVE;
				CLANG_WARN_UNREACHABLE_CODE = YES;
				CLANG_WARN__DUPLICATE_METHOD_MATCH = YES;
				COPY_PHASE_STRIP = NO;
				DEBUG_INFORMATION_FORMAT = dwarf;
				ENABLE_STRICT_OBJC_MSGSEND = YES;
				ENABLE_TESTABILITY = YES;
				GCC_C_LANGUAGE_STANDARD = gnu11;
				GCC_DYNAMIC_NO_PIC = NO;
				GCC_NO_COMMON_BLOCKS = YES;
				GCC_OPTIMIZATION_LEVEL = 0;
				GCC_PREPROCESSOR_DEFINITIONS = (
					"DEBUG=1",
					"$(inherited)",
				);
				GCC_WARN_64_TO_32_BIT_CONVERSION = YES;
				GCC_WARN_ABOUT_RETURN_TYPE = YES_ERROR;
				GCC_WARN_UNDECLARED_SELECTOR = YES;
				GCC_WARN_UNINITIALIZED_AUTOS = YES_AGGRESSIVE;
				GCC_WARN_UNUSED_FUNCTION = YES;
				GCC_WARN_UNUSED_VARIABLE = YES;
				IPHONEOS_DEPLOYMENT_TARGET = 16.0;
				MTL_ENABLE_DEBUG_INFO = INCLUDE_SOURCE;
				MTL_FAST_MATH = YES;
				ONLY_ACTIVE_ARCH = YES;
				SDKROOT = iphoneos;
				SWIFT_ACTIVE_COMPILATION_CONDITIONS = DEBUG;
				SWIFT_OPTIMIZATION_LEVEL = "-Onone";
			};
			name = Debug;
		};
		E586D2B7287E600500CA8CC8 /* Release */ = {
			isa = XCBuildConfiguration;
			buildSettings = {
				ALWAYS_SEARCH_USER_PATHS = NO;
				CLANG_ANALYZER_NONNULL = YES;
				CLANG_ANALYZER_NUMBER_OBJECT_CONVERSION = YES_AGGRESSIVE;
				CLANG_CXX_LANGUAGE_STANDARD = "gnu++20";
				CLANG_ENABLE_MODULES = YES;
				CLANG_ENABLE_OBJC_ARC = YES;
				CLANG_ENABLE_OBJC_WEAK = YES;
				CLANG_WARN_BLOCK_CAPTURE_AUTORELEASING = YES;
				CLANG_WARN_BOOL_CONVERSION = YES;
				CLANG_WARN_COMMA = YES;
				CLANG_WARN_CONSTANT_CONVERSION = YES;
				CLANG_WARN_DEPRECATED_OBJC_IMPLEMENTATIONS = YES;
				CLANG_WARN_DIRECT_OBJC_ISA_USAGE = YES_ERROR;
				CLANG_WARN_DOCUMENTATION_COMMENTS = YES;
				CLANG_WARN_EMPTY_BODY = YES;
				CLANG_WARN_ENUM_CONVERSION = YES;
				CLANG_WARN_INFINITE_RECURSION = YES;
				CLANG_WARN_INT_CONVERSION = YES;
				CLANG_WARN_NON_LITERAL_NULL_CONVERSION = YES;
				CLANG_WARN_OBJC_IMPLICIT_RETAIN_SELF = YES;
				CLANG_WARN_OBJC_LITERAL_CONVERSION = YES;
				CLANG_WARN_OBJC_ROOT_CLASS = YES_ERROR;
				CLANG_WARN_QUOTED_INCLUDE_IN_FRAMEWORK_HEADER = YES;
				CLANG_WARN_RANGE_LOOP_ANALYSIS = YES;
				CLANG_WARN_STRICT_PROTOTYPES = YES;
				CLANG_WARN_SUSPICIOUS_MOVE = YES;
				CLANG_WARN_UNGUARDED_AVAILABILITY = YES_AGGRESSIVE;
				CLANG_WARN_UNREACHABLE_CODE = YES;
				CLANG_WARN__DUPLICATE_METHOD_MATCH = YES;
				COPY_PHASE_STRIP = NO;
				DEBUG_INFORMATION_FORMAT = "dwarf-with-dsym";
				ENABLE_NS_ASSERTIONS = NO;
				ENABLE_STRICT_OBJC_MSGSEND = YES;
				GCC_C_LANGUAGE_STANDARD = gnu11;
				GCC_NO_COMMON_BLOCKS = YES;
				GCC_WARN_64_TO_32_BIT_CONVERSION = YES;
				GCC_WARN_ABOUT_RETURN_TYPE = YES_ERROR;
				GCC_WARN_UNDECLARED_SELECTOR = YES;
				GCC_WARN_UNINITIALIZED_AUTOS = YES_AGGRESSIVE;
				GCC_WARN_UNUSED_FUNCTION = YES;
				GCC_WARN_UNUSED_VARIABLE = YES;
				IPHONEOS_DEPLOYMENT_TARGET = 16.0;
				MTL_ENABLE_DEBUG_INFO = NO;
				MTL_FAST_MATH = YES;
				SDKROOT = iphoneos;
				SWIFT_COMPILATION_MODE = wholemodule;
				SWIFT_OPTIMIZATION_LEVEL = "-O";
				VALIDATE_PRODUCT = YES;
			};
			name = Release;
		};
		E586D2B9287E600500CA8CC8 /* Debug */ = {
			isa = XCBuildConfiguration;
			buildSettings = {
				ASSETCATALOG_COMPILER_APPICON_NAME = AppIcon;
				ASSETCATALOG_COMPILER_GLOBAL_ACCENT_COLOR_NAME = AccentColor;
				CODE_SIGN_STYLE = Automatic;
				CURRENT_PROJECT_VERSION = 1;
				DEVELOPMENT_ASSET_PATHS = "\"Restart/Preview Content\"";
				DEVELOPMENT_TEAM = 68P5L6FJV2;
				ENABLE_PREVIEWS = YES;
				GENERATE_INFOPLIST_FILE = YES;
				INFOPLIST_FILE = Restart/Info.plist;
				INFOPLIST_KEY_UIApplicationSceneManifest_Generation = YES;
				INFOPLIST_KEY_UIApplicationSupportsIndirectInputEvents = YES;
				INFOPLIST_KEY_UISupportedInterfaceOrientations = UIInterfaceOrientationPortrait;
				IPHONEOS_DEPLOYMENT_TARGET = 15.5;
				LD_RUNPATH_SEARCH_PATHS = (
					"$(inherited)",
					"@executable_path/Frameworks",
				);
				MARKETING_VERSION = 1.0;
				PRODUCT_BUNDLE_IDENTIFIER = Searsstudio.Restart;
				PRODUCT_NAME = "$(TARGET_NAME)";
				SWIFT_EMIT_LOC_STRINGS = YES;
				SWIFT_VERSION = 5.0;
				TARGETED_DEVICE_FAMILY = "1,2";
			};
			name = Debug;
		};
		E586D2BA287E600500CA8CC8 /* Release */ = {
			isa = XCBuildConfiguration;
			buildSettings = {
				ASSETCATALOG_COMPILER_APPICON_NAME = AppIcon;
				ASSETCATALOG_COMPILER_GLOBAL_ACCENT_COLOR_NAME = AccentColor;
				CODE_SIGN_STYLE = Automatic;
				CURRENT_PROJECT_VERSION = 1;
				DEVELOPMENT_ASSET_PATHS = "\"Restart/Preview Content\"";
				DEVELOPMENT_TEAM = 68P5L6FJV2;
				ENABLE_PREVIEWS = YES;
				GENERATE_INFOPLIST_FILE = YES;
				INFOPLIST_FILE = Restart/Info.plist;
				INFOPLIST_KEY_UIApplicationSceneManifest_Generation = YES;
				INFOPLIST_KEY_UIApplicationSupportsIndirectInputEvents = YES;
				INFOPLIST_KEY_UISupportedInterfaceOrientations = UIInterfaceOrientationPortrait;
				IPHONEOS_DEPLOYMENT_TARGET = 15.5;
				LD_RUNPATH_SEARCH_PATHS = (
					"$(inherited)",
					"@executable_path/Frameworks",
				);
				MARKETING_VERSION = 1.0;
				PRODUCT_BUNDLE_IDENTIFIER = Searsstudio.Restart;
				PRODUCT_NAME = "$(TARGET_NAME)";
				SWIFT_EMIT_LOC_STRINGS = YES;
				SWIFT_VERSION = 5.0;
				TARGETED_DEVICE_FAMILY = "1,2";
			};
			name = Release;
		};
/* End XCBuildConfiguration section */

/* Begin XCConfigurationList section */
		E586D2A5287E600300CA8CC8 /* Build configuration list for PBXProject "Restart" */ = {
			isa = XCConfigurationList;
			buildConfigurations = (
				E586D2B6287E600500CA8CC8 /* Debug */,
				E586D2B7287E600500CA8CC8 /* Release */,
			);
			defaultConfigurationIsVisible = 0;
			defaultConfigurationName = Release;
		};
		E586D2B8287E600500CA8CC8 /* Build configuration list for PBXNativeTarget "Restart" */ = {
			isa = XCConfigurationList;
			buildConfigurations = (
				E586D2B9287E600500CA8CC8 /* Debug */,
				E586D2BA287E600500CA8CC8 /* Release */,
			);
			defaultConfigurationIsVisible = 0;
			defaultConfigurationName = Release;
		};
/* End XCConfigurationList section */
	};
	rootObject = E586D2A2287E600300CA8CC8 /* Project object */;
}
